
Microsoft Visual Studio Solution File, Format Version 12.00
# Visual Studio 15
VisualStudioVersion = 15.0.27428.1
MinimumVisualStudioVersion = 10.0.40219.1
Project("{FAE04EC0-301F-11D3-BF4B-00C04F79EFBC}") = "SomeCorp.SimpleExample.Console", "SomeCorp.SimpleExample.Console\SomeCorp.SimpleExample.Console.csproj", "{54325484-AAE1-4B4C-AE84-4C42A574C7F4}"
EndProject
Project("{2150E333-8FDC-42A3-9474-1A3956D46DE8}") = "Solution Items", "Solution Items", "{753B3CC6-2895-4BD3-B743-DB30F356C306}"
	ProjectSection(SolutionItems) = preProject
		README.md = README.md
	EndProjectSection
EndProject
Project("{00D1A9C2-B5F0-4AF3-8072-F6C62B433612}") = "SomeCorp.SimpleExample.Database", "SomeCorp.SimpleExample.Database\SomeCorp.SimpleExample.Database.sqlproj", "{5EC0D020-83C2-4146-AD44-AC691395EF78}"
EndProject
Global
	GlobalSection(SolutionConfigurationPlatforms) = preSolution
		Debug|Any CPU = Debug|Any CPU
		Release|Any CPU = Release|Any CPU
	EndGlobalSection
	GlobalSection(ProjectConfigurationPlatforms) = postSolution
		{54325484-AAE1-4B4C-AE84-4C42A574C7F4}.Debug|Any CPU.ActiveCfg = Debug|Any CPU
		{54325484-AAE1-4B4C-AE84-4C42A574C7F4}.Debug|Any CPU.Build.0 = Debug|Any CPU
		{54325484-AAE1-4B4C-AE84-4C42A574C7F4}.Release|Any CPU.ActiveCfg = Release|Any CPU
		{54325484-AAE1-4B4C-AE84-4C42A574C7F4}.Release|Any CPU.Build.0 = Release|Any CPU
		{5EC0D020-83C2-4146-AD44-AC691395EF78}.Debug|Any CPU.ActiveCfg = Debug|Any CPU
		{5EC0D020-83C2-4146-AD44-AC691395EF78}.Debug|Any CPU.Build.0 = Debug|Any CPU
		{5EC0D020-83C2-4146-AD44-AC691395EF78}.Debug|Any CPU.Deploy.0 = Debug|Any CPU
		{5EC0D020-83C2-4146-AD44-AC691395EF78}.Release|Any CPU.ActiveCfg = Release|Any CPU
		{5EC0D020-83C2-4146-AD44-AC691395EF78}.Release|Any CPU.Build.0 = Release|Any CPU
		{5EC0D020-83C2-4146-AD44-AC691395EF78}.Release|Any CPU.Deploy.0 = Release|Any CPU
	EndGlobalSection
	GlobalSection(SolutionProperties) = preSolution
		HideSolutionNode = FALSE
	EndGlobalSection
	GlobalSection(ExtensibilityGlobals) = postSolution
		SolutionGuid = {FF72FC52-8CC3-42B9-860F-AF540CDAF18F}
	EndGlobalSection
EndGlobal
