
Microsoft Visual Studio Solution File, Format Version 12.00
# Visual Studio 14
VisualStudioVersion = 14.0.25420.1
MinimumVisualStudioVersion = 10.0.40219.1
Project("{FAE04EC0-301F-11D3-BF4B-00C04F79EFBC}") = "Meridian.InterSproc", "Meridian.InterSproc\Meridian.InterSproc.csproj", "{09EA61E6-2D02-4BBD-B6C9-A60242E006E2}"
EndProject
Project("{2150E333-8FDC-42A3-9474-1A3956D46DE8}") = "Solution Items", "Solution Items", "{B65B192F-3953-4E00-B65F-2CCAA41171F8}"
	ProjectSection(SolutionItems) = preProject
		..\appveyor.yml = ..\appveyor.yml
		..\LICENCE.md = ..\LICENCE.md
		..\README.md = ..\README.md
	EndProjectSection
EndProject
Project("{2150E333-8FDC-42A3-9474-1A3956D46DE8}") = "Licences", "Licences", "{3B254E77-D028-4877-AE73-DC8E911D8DD5}"
	ProjectSection(SolutionItems) = preProject
		..\Licences\StructureMap-LICENCE.txt = ..\Licences\StructureMap-LICENCE.txt
		..\Licences\StyleCop.MSBuild-LICENCE.txt = ..\Licences\StyleCop.MSBuild-LICENCE.txt
	EndProjectSection
EndProject
Global
	GlobalSection(SolutionConfigurationPlatforms) = preSolution
		Debug|Any CPU = Debug|Any CPU
		Release|Any CPU = Release|Any CPU
	EndGlobalSection
	GlobalSection(ProjectConfigurationPlatforms) = postSolution
		{09EA61E6-2D02-4BBD-B6C9-A60242E006E2}.Debug|Any CPU.ActiveCfg = Debug|Any CPU
		{09EA61E6-2D02-4BBD-B6C9-A60242E006E2}.Debug|Any CPU.Build.0 = Debug|Any CPU
		{09EA61E6-2D02-4BBD-B6C9-A60242E006E2}.Release|Any CPU.ActiveCfg = Release|Any CPU
		{09EA61E6-2D02-4BBD-B6C9-A60242E006E2}.Release|Any CPU.Build.0 = Release|Any CPU
	EndGlobalSection
	GlobalSection(SolutionProperties) = preSolution
		HideSolutionNode = FALSE
	EndGlobalSection
	GlobalSection(NestedProjects) = preSolution
		{3B254E77-D028-4877-AE73-DC8E911D8DD5} = {B65B192F-3953-4E00-B65F-2CCAA41171F8}
	EndGlobalSection
EndGlobal
